{
    "_meta": {
        "hash": {
            "sha256": "fafacc7cab462418a7814d03582edb93c45e92a47677dfd01d36c5f5a6ef684f"
        },
        "pipfile-spec": 6,
        "requires": {
            "python_version": "3.8"
        },
        "sources": [
            {
                "name": "pypi",
                "url": "https://pypi.org/simple",
                "verify_ssl": true
            }
        ]
    },
    "default": {
        "mypy": {
            "hashes": [
                "sha256:088cd9c7904b4ad80bec811053272986611b84221835e079be5bcad029e79dd9",
                "sha256:0aadfb2d3935988ec3815952e44058a3100499f5be5b28c34ac9d79f002a4a9a",
                "sha256:119bed3832d961f3a880787bf621634ba042cb8dc850a7429f643508eeac97b9",
                "sha256:1a85e280d4d217150ce8cb1a6dddffd14e753a4e0c3cf90baabb32cefa41b59e",
                "sha256:3c4b8ca36877fc75339253721f69603a9c7fdb5d4d5a95a1a1b899d8b86a4de2",
                "sha256:3e382b29f8e0ccf19a2df2b29a167591245df90c0b5a2542249873b5c1d78212",
                "sha256:42c266ced41b65ed40a282c575705325fa7991af370036d3f134518336636f5b",
                "sha256:53fd2eb27a8ee2892614370896956af2ff61254c275aaee4c230ae771cadd885",
                "sha256:704098302473cb31a218f1775a873b376b30b4c18229421e9e9dc8916fd16150",
                "sha256:7df1ead20c81371ccd6091fa3e2878559b5c4d4caadaf1a484cf88d93ca06703",
                "sha256:866c41f28cee548475f146aa4d39a51cf3b6a84246969f3759cb3e9c742fc072",
                "sha256:a155d80ea6cee511a3694b108c4494a39f42de11ee4e61e72bc424c490e46457",
                "sha256:adaeee09bfde366d2c13fe6093a7df5df83c9a2ba98638c7d76b010694db760e",
                "sha256:b6fb13123aeef4a3abbcfd7e71773ff3ff1526a7d3dc538f3929a49b42be03f0",
                "sha256:b94e4b785e304a04ea0828759172a15add27088520dc7e49ceade7834275bedb",
                "sha256:c0df2d30ed496a08de5daed2a9ea807d07c21ae0ab23acf541ab88c24b26ab97",
                "sha256:c6c2602dffb74867498f86e6129fd52a2770c48b7cd3ece77ada4fa38f94eba8",
                "sha256:ceb6e0a6e27fb364fb3853389607cf7eb3a126ad335790fa1e14ed02fba50811",
                "sha256:d9dd839eb0dc1bbe866a288ba3c1afc33a202015d2ad83b31e875b5905a079b6",
                "sha256:e4dab234478e3bd3ce83bac4193b2ecd9cf94e720ddd95ce69840273bf44f6de",
                "sha256:ec4e0cd079db280b6bdabdc807047ff3e199f334050db5cbb91ba3e959a67504",
                "sha256:ecd2c3fe726758037234c93df7e98deb257fd15c24c9180dacf1ef829da5f921",
                "sha256:ef565033fa5a958e62796867b1df10c40263ea9ded87164d67572834e57a174d"
            ],
            "index": "pypi",
            "version": "==0.910"
        },
        "mypy-extensions": {
            "hashes": [
                "sha256:090fedd75945a69ae91ce1303b5824f428daf5a028d2f6ab8a299250a846f15d",
                "sha256:2d82818f5bb3e369420cb3c4060a7970edba416647068eb4c5343488a6c604a8"
            ],
            "version": "==0.4.3"
        },
        "numpy": {
            "hashes": [
                "sha256:0cfe07133fd00b27edee5e6385e333e9eeb010607e8a46e1cd673f05f8596595",
                "sha256:11a1f3816ea82eed4178102c56281782690ab5993251fdfd75039aad4d20385f",
                "sha256:2762331de395739c91f1abb88041f94a080cb1143aeec791b3b223976228af3f",
                "sha256:283d9de87c0133ef98f93dfc09fad3fb382f2a15580de75c02b5bb36a5a159a5",
                "sha256:3d22662b4b10112c545c91a0741f2436f8ca979ab3d69d03d19322aa970f9695",
                "sha256:41388e32e40b41dd56eb37fcaa7488b2b47b0adf77c66154d6b89622c110dfe9",
                "sha256:42c16cec1c8cf2728f1d539bd55aaa9d6bb48a7de2f41eb944697293ef65a559",
                "sha256:47ee7a839f5885bc0c63a74aabb91f6f40d7d7b639253768c4199b37aede7982",
                "sha256:5a311ee4d983c487a0ab546708edbdd759393a3dc9cd30305170149fedd23c88",
                "sha256:5dc65644f75a4c2970f21394ad8bea1a844104f0fe01f278631be1c7eae27226",
                "sha256:6ed0d073a9c54ac40c41a9c2d53fcc3d4d4ed607670b9e7b0de1ba13b4cbfe6f",
                "sha256:76ba7c40e80f9dc815c5e896330700fd6e20814e69da9c1267d65a4d051080f1",
                "sha256:818b9be7900e8dc23e013a92779135623476f44a0de58b40c32a15368c01d471",
                "sha256:a024181d7aef0004d76fb3bce2a4c9f2e67a609a9e2a6ff2571d30e9976aa383",
                "sha256:a955e4128ac36797aaffd49ab44ec74a71c11d6938df83b1285492d277db5397",
                "sha256:a97a954a8c2f046d3817c2bce16e3c7e9a9c2afffaf0400f5c16df5172a67c9c",
                "sha256:a97e82c39d9856fe7d4f9b86d8a1e66eff99cf3a8b7ba48202f659703d27c46f",
                "sha256:b55b953a1bdb465f4dc181758570d321db4ac23005f90ffd2b434cc6609a63dd",
                "sha256:bb02929b0d6bfab4c48a79bd805bd7419114606947ec8284476167415171f55b",
                "sha256:bece0a4a49e60e472a6d1f70ac6cdea00f9ab80ff01132f96bd970cdd8a9e5a9",
                "sha256:e41e8951749c4b5c9a2dc5fdbc1a4eec6ab2a140fdae9b460b0f557eed870f4d",
                "sha256:f71d57cc8645f14816ae249407d309be250ad8de93ef61d9709b45a0ddf4050c"
            ],
            "index": "pypi",
            "version": "==1.22.0"
        },
        "opencv-python": {
            "hashes": [
                "sha256:05c5139d620e8d02f7ce0921796d55736fa19fa15e2ec00a388db2eb1ae1e9a1",
                "sha256:085232718f28bddd265da480874c37db5c7354cb08f23f4a68a8639b16276a89",
                "sha256:18a4a14015eee30d9cd514db8cdefbf594b1d5c234762d27abe512d62a333bc3",
                "sha256:205a73adb29c37e42475645519e612e843a985475da993d10b4d5daa6afec36a",
                "sha256:3c001d3feec7f3140f1fb78dfc52ca28122db8240826882d175a208a89d2731b",
                "sha256:437f30e300725e1d1b3744dbfbc66a523a4744792b58f3dbe1e9140c8f4dfba5",
                "sha256:5366fcd6eae4243add3c8c92142045850f1db8e464bcf0b75313e1596b2e3671",
                "sha256:54c64e86a087841869901fd34462bb6bec01cd4652800fdf5d92fe7b0596c82f",
                "sha256:6763729fcfee2a08e069aa1982c9a8c1abf55b9cdf2fb9640eda1d85bdece19a",
                "sha256:68813b720b88e4951e84399b9a8a7b532d45a07a96ea8f539636242f862e32e0",
                "sha256:7f41b97d84ac66bdf13cb4d9f4dad3e159525ba1e3f421e670c787ce536eb70a",
                "sha256:831b92fe63ce18dd628f71104da7e60596658b75e2fa16b83aefa3eb10c115e2",
                "sha256:881f3d85269500e0c7d72b140a6ebb5c14a089f8140fb9da7ce01f12a245858e",
                "sha256:8852be06c0749fef0d9c58f532bbcb0570968c59e41cf56b90f5c92593c6e108",
                "sha256:8b5bc61be7fc8565140b746288b370a4bfdb4edb9d680b66bb914e7690485db1",
                "sha256:8d3282138f3a8646941089aae142684910ebe40776266448eab5f4bb609fc63f",
                "sha256:9a78558b5ae848386edbb843c761e5fed5a8480be9af16274a5a78838529edeb",
                "sha256:b42bbba9f5421865377c7960bd4f3dd881003b322a6bf46ed2302b89224d102b",
                "sha256:c360cb76ad1ddbd5d2d3e730b42f2ff6e4be08ea6f4a6eefacca175d27467e8f",
                "sha256:cdc3363c2911d7cfc6c9f55308c51c2841a7aecbf0bf5e791499d220ce89d880",
                "sha256:e1f54736272830a1e895cedf7a4ee67737e31e966d380c82a81ef22515d043a3",
                "sha256:e42c644a70d5c54f53a4b114dbd88b4eb83f42a9ca998f07bd5682f3f404efcc",
                "sha256:f1bda4d144f5204e077ca4571453ebb2015e5748d5e0043386c92c2bbf7f52eb",
                "sha256:f3ac2355217114a683f3f72a9c40a5890914a59c4a2df62e4083c66ff65c9cf9"
            ],
            "index": "pypi",
            "version": "==4.5.3.56"
        },
        "toml": {
            "hashes": [
                "sha256:806143ae5bfb6a3c6e736a764057db0e6a0e05e338b5630894a5f779cabb4f9b",
                "sha256:b3bda1d108d5dd99f4a20d24d9c348e91c4db7ab1b749200bded2f839ccbe68f"
            ],
            "markers": "python_version >= '2.6' and python_version not in '3.0, 3.1, 3.2, 3.3'",
            "version": "==0.10.2"
        },
        "typing-extensions": {
            "hashes": [
                "sha256:25642c956049920a5aa49edcdd6ab1e06d7e5d467fc00e0506c44ac86fbfca02",
                "sha256:e6d2677a32f47fc7eb2795db1dd15c1f34eff616bcaf2cfb5e997f854fa1c4a6"
            ],
            "markers": "python_version >= '3.7'",
            "version": "==4.3.0"
        }
    },
    "develop": {}
}
